// !$*UTF8*$!
{
	archiveVersion = 1;
	classes = {
	};
	objectVersion = 50;
	objects = {

/* Begin PBXBuildFile section */
		9253738B268B393C00153790 /* AppDelegate.m in Sources */ = {isa = PBXBuildFile; fileRef = 9253738A268B393C00153790 /* AppDelegate.m */; };
		9253738E268B393C00153790 /* SceneDelegate.m in Sources */ = {isa = PBXBuildFile; fileRef = 9253738D268B393C00153790 /* SceneDelegate.m */; };
		92537396268B393D00153790 /* Assets.xcassets in Resources */ = {isa = PBXBuildFile; fileRef = 92537395268B393D00153790 /* Assets.xcassets */; };
		92537399268B393D00153790 /* LaunchScreen.storyboard in Resources */ = {isa = PBXBuildFile; fileRef = 92537397268B393D00153790 /* LaunchScreen.storyboard */; };
		9253739C268B393D00153790 /* main.m in Sources */ = {isa = PBXBuildFile; fileRef = 9253739B268B393D00153790 /* main.m */; };
		925373A4268B3EB600153790 /* ViewController.m in Sources */ = {isa = PBXBuildFile; fileRef = 925373A3268B3EB600153790 /* ViewController.m */; };
		925373A7268B3F6000153790 /* News.m in Sources */ = {isa = PBXBuildFile; fileRef = 925373A6268B3F6000153790 /* News.m */; };
		925373AA268B42F600153790 /* NewsViewController.m in Sources */ = {isa = PBXBuildFile; fileRef = 925373A9268B42F600153790 /* NewsViewController.m */; };
/* End PBXBuildFile section */

/* Begin PBXFileReference section */
		92537386268B393C00153790 /* NewsAPI.app */ = {isa = PBXFileReference; explicitFileType = wrapper.application; includeInIndex = 0; path = NewsAPI.app; sourceTree = BUILT_PRODUCTS_DIR; };
		92537389268B393C00153790 /* AppDelegate.h */ = {isa = PBXFileReference; lastKnownFileType = sourcecode.c.h; path = AppDelegate.h; sourceTree = "<group>"; };
		9253738A268B393C00153790 /* AppDelegate.m */ = {isa = PBXFileReference; lastKnownFileType = sourcecode.c.objc; path = AppDelegate.m; sourceTree = "<group>"; };
		9253738C268B393C00153790 /* SceneDelegate.h */ = {isa = PBXFileReference; lastKnownFileType = sourcecode.c.h; path = SceneDelegate.h; sourceTree = "<group>"; };
		9253738D268B393C00153790 /* SceneDelegate.m */ = {isa = PBXFileReference; lastKnownFileType = sourcecode.c.objc; path = SceneDelegate.m; sourceTree = "<group>"; };
		92537395268B393D00153790 /* Assets.xcassets */ = {isa = PBXFileReference; lastKnownFileType = folder.assetcatalog; path = Assets.xcassets; sourceTree = "<group>"; };
		92537398268B393D00153790 /* Base */ = {isa = PBXFileReference; lastKnownFileType = file.storyboard; name = Base; path = Base.lproj/LaunchScreen.storyboard; sourceTree = "<group>"; };
		9253739A268B393D00153790 /* Info.plist */ = {isa = PBXFileReference; lastKnownFileType = text.plist.xml; path = Info.plist; sourceTree = "<group>"; };
		9253739B268B393D00153790 /* main.m */ = {isa = PBXFileReference; lastKnownFileType = sourcecode.c.objc; path = main.m; sourceTree = "<group>"; };
		925373A2268B3EB600153790 /* ViewController.h */ = {isa = PBXFileReference; lastKnownFileType = sourcecode.c.h; path = ViewController.h; sourceTree = "<group>"; };
		925373A3268B3EB600153790 /* ViewController.m */ = {isa = PBXFileReference; lastKnownFileType = sourcecode.c.objc; path = ViewController.m; sourceTree = "<group>"; };
		925373A5268B3F6000153790 /* News.h */ = {isa = PBXFileReference; lastKnownFileType = sourcecode.c.h; path = News.h; sourceTree = "<group>"; };
		925373A6268B3F6000153790 /* News.m */ = {isa = PBXFileReference; lastKnownFileType = sourcecode.c.objc; path = News.m; sourceTree = "<group>"; };
		925373A8268B42F600153790 /* NewsViewController.h */ = {isa = PBXFileReference; lastKnownFileType = sourcecode.c.h; path = NewsViewController.h; sourceTree = "<group>"; };
		925373A9268B42F600153790 /* NewsViewController.m */ = {isa = PBXFileReference; lastKnownFileType = sourcecode.c.objc; path = NewsViewController.m; sourceTree = "<group>"; };
/* End PBXFileReference section */

/* Begin PBXFrameworksBuildPhase section */
		92537383268B393C00153790 /* Frameworks */ = {
			isa = PBXFrameworksBuildPhase;
			buildActionMask = 2147483647;
			files = (
			);
			runOnlyForDeploymentPostprocessing = 0;
		};
/* End PBXFrameworksBuildPhase section */

/* Begin PBXGroup section */
		9253737D268B393C00153790 = {
			isa = PBXGroup;
			children = (
				92537388268B393C00153790 /* NewsAPI */,
				92537387268B393C00153790 /* Products */,
			);
			sourceTree = "<group>";
		};
		92537387268B393C00153790 /* Products */ = {
			isa = PBXGroup;
			children = (
				92537386268B393C00153790 /* NewsAPI.app */,
			);
			name = Products;
			sourceTree = "<group>";
		};
		92537388268B393C00153790 /* NewsAPI */ = {
			isa = PBXGroup;
			children = (
				92537389268B393C00153790 /* AppDelegate.h */,
				9253738A268B393C00153790 /* AppDelegate.m */,
				9253738C268B393C00153790 /* SceneDelegate.h */,
				9253738D268B393C00153790 /* SceneDelegate.m */,
				925373A2268B3EB600153790 /* ViewController.h */,
				925373A3268B3EB600153790 /* ViewController.m */,
				925373A8268B42F600153790 /* NewsViewController.h */,
				925373A9268B42F600153790 /* NewsViewController.m */,
				925373A5268B3F6000153790 /* News.h */,
				925373A6268B3F6000153790 /* News.m */,
				92537395268B393D00153790 /* Assets.xcassets */,
				92537397268B393D00153790 /* LaunchScreen.storyboard */,
				9253739A268B393D00153790 /* Info.plist */,
				9253739B268B393D00153790 /* main.m */,
			);
			path = NewsAPI;
			sourceTree = "<group>";
		};
/* End PBXGroup section */

/* Begin PBXNativeTarget section */
		92537385268B393C00153790 /* NewsAPI */ = {
			isa = PBXNativeTarget;
			buildConfigurationList = 9253739F268B393D00153790 /* Build configuration list for PBXNativeTarget "NewsAPI" */;
			buildPhases = (
				92537382268B393C00153790 /* Sources */,
				92537383268B393C00153790 /* Frameworks */,
				92537384268B393C00153790 /* Resources */,
			);
			buildRules = (
			);
			dependencies = (
			);
			name = NewsAPI;
			productName = NewsAPI;
			productReference = 92537386268B393C00153790 /* NewsAPI.app */;
			productType = "com.apple.product-type.application";
		};
/* End PBXNativeTarget section */

/* Begin PBXProject section */
		9253737E268B393C00153790 /* Project object */ = {
			isa = PBXProject;
			attributes = {
				LastUpgradeCheck = 1250;
				TargetAttributes = {
					92537385268B393C00153790 = {
						CreatedOnToolsVersion = 12.5.1;
					};
				};
			};
			buildConfigurationList = 92537381268B393C00153790 /* Build configuration list for PBXProject "NewsAPI" */;
			compatibilityVersion = "Xcode 9.3";
			developmentRegion = en;
			hasScannedForEncodings = 0;
			knownRegions = (
				en,
				Base,
			);
			mainGroup = 9253737D268B393C00153790;
			productRefGroup = 92537387268B393C00153790 /* Products */;
			projectDirPath = "";
			projectRoot = "";
			targets = (
				92537385268B393C00153790 /* NewsAPI */,
			);
		};
/* End PBXProject section */

/* Begin PBXResourcesBuildPhase section */
		92537384268B393C00153790 /* Resources */ = {
			isa = PBXResourcesBuildPhase;
			buildActionMask = 2147483647;
			files = (
				92537399268B393D00153790 /* LaunchScreen.storyboard in Resources */,
				92537396268B393D00153790 /* Assets.xcassets in Resources */,
			);
			runOnlyForDeploymentPostprocessing = 0;
		};
/* End PBXResourcesBuildPhase section */

/* Begin PBXSourcesBuildPhase section */
		92537382268B393C00153790 /* Sources */ = {
			isa = PBXSourcesBuildPhase;
			buildActionMask = 2147483647;
			files = (
				925373A7268B3F6000153790 /* News.m in Sources */,
				9253738B268B393C00153790 /* AppDelegate.m in Sources */,
				9253739C268B393D00153790 /* main.m in Sources */,
				925373AA268B42F600153790 /* NewsViewController.m in Sources */,
				925373A4268B3EB600153790 /* ViewController.m in Sources */,
				9253738E268B393C00153790 /* SceneDelegate.m in Sources */,
			);
			runOnlyForDeploymentPostprocessing = 0;
		};
/* End PBXSourcesBuildPhase section */

/* Begin PBXVariantGroup section */
		92537397268B393D00153790 /* LaunchScreen.storyboard */ = {
			isa = PBXVariantGroup;
			children = (
				92537398268B393D00153790 /* Base */,
			);
			name = LaunchScreen.storyboard;
			sourceTree = "<group>";
		};
/* End PBXVariantGroup section */

/* Begin XCBuildConfiguration section */
		9253739D268B393D00153790 /* Debug */ = {
			isa = XCBuildConfiguration;
			buildSettings = {
				ALWAYS_SEARCH_USER_PATHS = NO;
				CLANG_ANALYZER_NONNULL = YES;
				CLANG_ANALYZER_NUMBER_OBJECT_CONVERSION = YES_AGGRESSIVE;
				CLANG_CXX_LANGUAGE_STANDARD = "gnu++14";
				CLANG_CXX_LIBRARY = "libc++";
				CLANG_ENABLE_MODULES = YES;
				CLANG_ENABLE_OBJC_ARC = YES;
				CLANG_ENABLE_OBJC_WEAK = YES;
				CLANG_WARN_BLOCK_CAPTURE_AUTORELEASING = YES;
				CLANG_WARN_BOOL_CONVERSION = YES;
				CLANG_WARN_COMMA = YES;
				CLANG_WARN_CONSTANT_CONVERSION = YES;
				CLANG_WARN_DEPRECATED_OBJC_IMPLEMENTATIONS = YES;
				CLANG_WARN_DIRECT_OBJC_ISA_USAGE = YES_ERROR;
				CLANG_WARN_DOCUMENTATION_COMMENTS = YES;
				CLANG_WARN_EMPTY_BODY = YES;
				CLANG_WARN_ENUM_CONVERSION = YES;
				CLANG_WARN_INFINITE_RECURSION = YES;
				CLANG_WARN_INT_CONVERSION = YES;
				CLANG_WARN_NON_LITERAL_NULL_CONVERSION = YES;
				CLANG_WARN_OBJC_IMPLICIT_RETAIN_SELF = YES;
				CLANG_WARN_OBJC_LITERAL_CONVERSION = YES;
				CLANG_WARN_OBJC_ROOT_CLASS = YES_ERROR;
				CLANG_WARN_QUOTED_INCLUDE_IN_FRAMEWORK_HEADER = YES;
				CLANG_WARN_RANGE_LOOP_ANALYSIS = YES;
				CLANG_WARN_STRICT_PROTOTYPES = YES;
				CLANG_WARN_SUSPICIOUS_MOVE = YES;
				CLANG_WARN_UNGUARDED_AVAILABILITY = YES_AGGRESSIVE;
				CLANG_WARN_UNREACHABLE_CODE = YES;
				CLANG_WARN__DUPLICATE_METHOD_MATCH = YES;
				COPY_PHASE_STRIP = NO;
				DEBUG_INFORMATION_FORMAT = dwarf;
				ENABLE_STRICT_OBJC_MSGSEND = YES;
				ENABLE_TESTABILITY = YES;
				GCC_C_LANGUAGE_STANDARD = gnu11;
				GCC_DYNAMIC_NO_PIC = NO;
				GCC_NO_COMMON_BLOCKS = YES;
				GCC_OPTIMIZATION_LEVEL = 0;
				GCC_PREPROCESSOR_DEFINITIONS = (
					"DEBUG=1",
					"$(inherited)",
				);
				GCC_WARN_64_TO_32_BIT_CONVERSION = YES;
				GCC_WARN_ABOUT_RETURN_TYPE = YES_ERROR;
				GCC_WARN_UNDECLARED_SELECTOR = YES;
				GCC_WARN_UNINITIALIZED_AUTOS = YES_AGGRESSIVE;
				GCC_WARN_UNUSED_FUNCTION = YES;
				GCC_WARN_UNUSED_VARIABLE = YES;
				IPHONEOS_DEPLOYMENT_TARGET = 14.5;
				MTL_ENABLE_DEBUG_INFO = INCLUDE_SOURCE;
				MTL_FAST_MATH = YES;
				ONLY_ACTIVE_ARCH = YES;
				SDKROOT = iphoneos;
			};
			name = Debug;
		};
		9253739E268B393D00153790 /* Release */ = {
			isa = XCBuildConfiguration;
			buildSettings = {
				ALWAYS_SEARCH_USER_PATHS = NO;
				CLANG_ANALYZER_NONNULL = YES;
				CLANG_ANALYZER_NUMBER_OBJECT_CONVERSION = YES_AGGRESSIVE;
				CLANG_CXX_LANGUAGE_STANDARD = "gnu++14";
				CLANG_CXX_LIBRARY = "libc++";
				CLANG_ENABLE_MODULES = YES;
				CLANG_ENABLE_OBJC_ARC = YES;
				CLANG_ENABLE_OBJC_WEAK = YES;
				CLANG_WARN_BLOCK_CAPTURE_AUTORELEASING = YES;
				CLANG_WARN_BOOL_CONVERSION = YES;
				CLANG_WARN_COMMA = YES;
				CLANG_WARN_CONSTANT_CONVERSION = YES;
				CLANG_WARN_DEPRECATED_OBJC_IMPLEMENTATIONS = YES;
				CLANG_WARN_DIRECT_OBJC_ISA_USAGE = YES_ERROR;
				CLANG_WARN_DOCUMENTATION_COMMENTS = YES;
				CLANG_WARN_EMPTY_BODY = YES;
				CLANG_WARN_ENUM_CONVERSION = YES;
				CLANG_WARN_INFINITE_RECURSION = YES;
				CLANG_WARN_INT_CONVERSION = YES;
				CLANG_WARN_NON_LITERAL_NULL_CONVERSION = YES;
				CLANG_WARN_OBJC_IMPLICIT_RETAIN_SELF = YES;
				CLANG_WARN_OBJC_LITERAL_CONVERSION = YES;
				CLANG_WARN_OBJC_ROOT_CLASS = YES_ERROR;
				CLANG_WARN_QUOTED_INCLUDE_IN_FRAMEWORK_HEADER = YES;
				CLANG_WARN_RANGE_LOOP_ANALYSIS = YES;
				CLANG_WARN_STRICT_PROTOTYPES = YES;
				CLANG_WARN_SUSPICIOUS_MOVE = YES;
				CLANG_WARN_UNGUARDED_AVAILABILITY = YES_AGGRESSIVE;
				CLANG_WARN_UNREACHABLE_CODE = YES;
				CLANG_WARN__DUPLICATE_METHOD_MATCH = YES;
				COPY_PHASE_STRIP = NO;
				DEBUG_INFORMATION_FORMAT = "dwarf-with-dsym";
				ENABLE_NS_ASSERTIONS = NO;
				ENABLE_STRICT_OBJC_MSGSEND = YES;
				GCC_C_LANGUAGE_STANDARD = gnu11;
				GCC_NO_COMMON_BLOCKS = YES;
				GCC_WARN_64_TO_32_BIT_CONVERSION = YES;
				GCC_WARN_ABOUT_RETURN_TYPE = YES_ERROR;
				GCC_WARN_UNDECLARED_SELECTOR = YES;
				GCC_WARN_UNINITIALIZED_AUTOS = YES_AGGRESSIVE;
				GCC_WARN_UNUSED_FUNCTION = YES;
				GCC_WARN_UNUSED_VARIABLE = YES;
				IPHONEOS_DEPLOYMENT_TARGET = 14.5;
				MTL_ENABLE_DEBUG_INFO = NO;
				MTL_FAST_MATH = YES;
				SDKROOT = iphoneos;
				VALIDATE_PRODUCT = YES;
			};
			name = Release;
		};
		925373A0268B393D00153790 /* Debug */ = {
			isa = XCBuildConfiguration;
			buildSettings = {
				ASSETCATALOG_COMPILER_APPICON_NAME = AppIcon;
				ASSETCATALOG_COMPILER_GLOBAL_ACCENT_COLOR_NAME = AccentColor;
				CODE_SIGN_STYLE = Automatic;
				INFOPLIST_FILE = NewsAPI/Info.plist;
				LD_RUNPATH_SEARCH_PATHS = (
					"$(inherited)",
					"@executable_path/Frameworks",
				);
				PRODUCT_BUNDLE_IDENTIFIER = lona.ai.NewsAPI;
				PRODUCT_NAME = "$(TARGET_NAME)";
				TARGETED_DEVICE_FAMILY = "1,2";
			};
			name = Debug;
		};
		925373A1268B393D00153790 /* Release */ = {
			isa = XCBuildConfiguration;
			buildSettings = {
				ASSETCATALOG_COMPILER_APPICON_NAME = AppIcon;
				ASSETCATALOG_COMPILER_GLOBAL_ACCENT_COLOR_NAME = AccentColor;
				CODE_SIGN_STYLE = Automatic;
				INFOPLIST_FILE = NewsAPI/Info.plist;
				LD_RUNPATH_SEARCH_PATHS = (
					"$(inherited)",
					"@executable_path/Frameworks",
				);
				PRODUCT_BUNDLE_IDENTIFIER = lona.ai.NewsAPI;
				PRODUCT_NAME = "$(TARGET_NAME)";
				TARGETED_DEVICE_FAMILY = "1,2";
			};
			name = Release;
		};
/* End XCBuildConfiguration section */

/* Begin XCConfigurationList section */
		92537381268B393C00153790 /* Build configuration list for PBXProject "NewsAPI" */ = {
			isa = XCConfigurationList;
			buildConfigurations = (
				9253739D268B393D00153790 /* Debug */,
				9253739E268B393D00153790 /* Release */,
			);
			defaultConfigurationIsVisible = 0;
			defaultConfigurationName = Release;
		};
		9253739F268B393D00153790 /* Build configuration list for PBXNativeTarget "NewsAPI" */ = {
			isa = XCConfigurationList;
			buildConfigurations = (
				925373A0268B393D00153790 /* Debug */,
				925373A1268B393D00153790 /* Release */,
			);
			defaultConfigurationIsVisible = 0;
			defaultConfigurationName = Release;
		};
/* End XCConfigurationList section */
	};
	rootObject = 9253737E268B393C00153790 /* Project object */;
}
